
Microsoft Visual Studio Solution File, Format Version 12.00
# Visual Studio 14
VisualStudioVersion = 14.0.25420.1
MinimumVisualStudioVersion = 10.0.40219.1
Project("{2150E333-8FDC-42A3-9474-1A3956D46DE8}") = "00. Client", "00. Client", "{611D668D-6E69-46A6-89A5-AE85B8F2A3A8}"
EndProject
Project("{2150E333-8FDC-42A3-9474-1A3956D46DE8}") = "01. Engine", "01. Engine", "{E2DB8607-E2CD-4028-8BAF-953E79263A6D}"
EndProject
Project("{2150E333-8FDC-42A3-9474-1A3956D46DE8}") = "02. Base", "02. Base", "{16E7B8C2-73FE-47F8-B981-03EEC35C4EC9}"
	ProjectSection(SolutionItems) = preProject
		Reference\Header\Base.h = Reference\Header\Base.h
		Reference\Header\Base.inl = Reference\Header\Base.inl
	EndProjectSection
EndProject
Project("{8BC9CEB8-8B4A-11D0-8D11-00A0C91BC942}") = "Client", "Client\Default\Client.vcxproj", "{8E40A7A0-3322-4775-81B2-7022FAED22FE}"
	ProjectSection(ProjectDependencies) = postProject
		{C27A5832-BF6F-48FB-B761-09D907EE356F} = {C27A5832-BF6F-48FB-B761-09D907EE356F}
		{35AF3796-1F00-4C2B-81D7-129A5C616677} = {35AF3796-1F00-4C2B-81D7-129A5C616677}
	EndProjectSection
EndProject
Project("{8BC9CEB8-8B4A-11D0-8D11-00A0C91BC942}") = "System", "Engine\System\Default\System.vcxproj", "{35AF3796-1F00-4C2B-81D7-129A5C616677}"
EndProject
Project("{2150E333-8FDC-42A3-9474-1A3956D46DE8}") = "00. System", "00. System", "{DA5C214D-5811-4DE6-BCCC-9A8AF54F053D}"
EndProject
Project("{2150E333-8FDC-42A3-9474-1A3956D46DE8}") = "02. Header", "02. Header", "{6D97DAB7-70B7-4670-8A14-59E6757BE935}"
	ProjectSection(SolutionItems) = preProject
		Engine\Header\Engine_Enum.h = Engine\Header\Engine_Enum.h
		Engine\Header\Engine_Include.h = Engine\Header\Engine_Include.h
		Engine\Header\Engine_Macro.h = Engine\Header\Engine_Macro.h
		Engine\Header\Engine_Struct.h = Engine\Header\Engine_Struct.h
		Engine\Header\Engine_Template.h = Engine\Header\Engine_Template.h
		Engine\Header\Engine_Typedef.h = Engine\Header\Engine_Typedef.h
		Engine\Header\Export_Function.h = Engine\Header\Export_Function.h
	EndProjectSection
EndProject
Project("{2150E333-8FDC-42A3-9474-1A3956D46DE8}") = "01. Utility", "01. Utility", "{8F6D04E8-2FA8-4CF4-96F5-DEBCFE8B33BE}"
EndProject
Project("{8BC9CEB8-8B4A-11D0-8D11-00A0C91BC942}") = "Utility", "Engine\Utility\Default\Utility.vcxproj", "{C27A5832-BF6F-48FB-B761-09D907EE356F}"
EndProject
Global
	GlobalSection(SolutionConfigurationPlatforms) = preSolution
		Debug|x64 = Debug|x64
		Debug|x86 = Debug|x86
		Release|x64 = Release|x64
		Release|x86 = Release|x86
	EndGlobalSection
	GlobalSection(ProjectConfigurationPlatforms) = postSolution
		{8E40A7A0-3322-4775-81B2-7022FAED22FE}.Debug|x64.ActiveCfg = Debug|x64
		{8E40A7A0-3322-4775-81B2-7022FAED22FE}.Debug|x64.Build.0 = Debug|x64
		{8E40A7A0-3322-4775-81B2-7022FAED22FE}.Debug|x86.ActiveCfg = Debug|Win32
		{8E40A7A0-3322-4775-81B2-7022FAED22FE}.Debug|x86.Build.0 = Debug|Win32
		{8E40A7A0-3322-4775-81B2-7022FAED22FE}.Release|x64.ActiveCfg = Release|x64
		{8E40A7A0-3322-4775-81B2-7022FAED22FE}.Release|x64.Build.0 = Release|x64
		{8E40A7A0-3322-4775-81B2-7022FAED22FE}.Release|x86.ActiveCfg = Release|Win32
		{8E40A7A0-3322-4775-81B2-7022FAED22FE}.Release|x86.Build.0 = Release|Win32
		{35AF3796-1F00-4C2B-81D7-129A5C616677}.Debug|x64.ActiveCfg = Debug|x64
		{35AF3796-1F00-4C2B-81D7-129A5C616677}.Debug|x64.Build.0 = Debug|x64
		{35AF3796-1F00-4C2B-81D7-129A5C616677}.Debug|x86.ActiveCfg = Debug|Win32
		{35AF3796-1F00-4C2B-81D7-129A5C616677}.Debug|x86.Build.0 = Debug|Win32
		{35AF3796-1F00-4C2B-81D7-129A5C616677}.Release|x64.ActiveCfg = Release|x64
		{35AF3796-1F00-4C2B-81D7-129A5C616677}.Release|x64.Build.0 = Release|x64
		{35AF3796-1F00-4C2B-81D7-129A5C616677}.Release|x86.ActiveCfg = Release|Win32
		{35AF3796-1F00-4C2B-81D7-129A5C616677}.Release|x86.Build.0 = Release|Win32
		{C27A5832-BF6F-48FB-B761-09D907EE356F}.Debug|x64.ActiveCfg = Debug|x64
		{C27A5832-BF6F-48FB-B761-09D907EE356F}.Debug|x64.Build.0 = Debug|x64
		{C27A5832-BF6F-48FB-B761-09D907EE356F}.Debug|x86.ActiveCfg = Debug|Win32
		{C27A5832-BF6F-48FB-B761-09D907EE356F}.Debug|x86.Build.0 = Debug|Win32
		{C27A5832-BF6F-48FB-B761-09D907EE356F}.Release|x64.ActiveCfg = Release|x64
		{C27A5832-BF6F-48FB-B761-09D907EE356F}.Release|x64.Build.0 = Release|x64
		{C27A5832-BF6F-48FB-B761-09D907EE356F}.Release|x86.ActiveCfg = Release|Win32
		{C27A5832-BF6F-48FB-B761-09D907EE356F}.Release|x86.Build.0 = Release|Win32
	EndGlobalSection
	GlobalSection(SolutionProperties) = preSolution
		HideSolutionNode = FALSE
	EndGlobalSection
	GlobalSection(NestedProjects) = preSolution
		{8E40A7A0-3322-4775-81B2-7022FAED22FE} = {611D668D-6E69-46A6-89A5-AE85B8F2A3A8}
		{35AF3796-1F00-4C2B-81D7-129A5C616677} = {DA5C214D-5811-4DE6-BCCC-9A8AF54F053D}
		{DA5C214D-5811-4DE6-BCCC-9A8AF54F053D} = {E2DB8607-E2CD-4028-8BAF-953E79263A6D}
		{6D97DAB7-70B7-4670-8A14-59E6757BE935} = {E2DB8607-E2CD-4028-8BAF-953E79263A6D}
		{8F6D04E8-2FA8-4CF4-96F5-DEBCFE8B33BE} = {E2DB8607-E2CD-4028-8BAF-953E79263A6D}
		{C27A5832-BF6F-48FB-B761-09D907EE356F} = {8F6D04E8-2FA8-4CF4-96F5-DEBCFE8B33BE}
	EndGlobalSection
EndGlobal
