<?xml version="1.0" encoding="utf-8"?>
<Project ToolsVersion="4.0" xmlns="http://schemas.microsoft.com/developer/msbuild/2003">
  <ItemGroup>
    <Filter Include="00. GraphicDev">
      <UniqueIdentifier>{a72eeb79-f661-493a-8c21-7268cfdee02c}</UniqueIdentifier>
    </Filter>
    <Filter Include="01. Timer">
      <UniqueIdentifier>{96bc006c-834c-4840-ab85-0428d1612e42}</UniqueIdentifier>
    </Filter>
    <Filter Include="99. Export">
      <UniqueIdentifier>{980a68e1-f1c7-415b-8bbc-87cde60b5d86}</UniqueIdentifier>
    </Filter>
    <Filter Include="01. Timer\Manager">
      <UniqueIdentifier>{29c51fb8-cd79-423b-8467-c521a49b0691}</UniqueIdentifier>
    </Filter>
    <Filter Include="02. Frame">
      <UniqueIdentifier>{43b2d287-1fe5-4ae7-806f-c5bc8cbfd159}</UniqueIdentifier>
    </Filter>
    <Filter Include="02. Frame\Manager">
      <UniqueIdentifier>{093006e5-7756-4d46-a0fa-a2f7d6051e90}</UniqueIdentifier>
    </Filter>
    <Filter Include="03. Font">
      <UniqueIdentifier>{b40b305b-7d7e-4d17-9f17-775d71366782}</UniqueIdentifier>
    </Filter>
    <Filter Include="04. DInput">
      <UniqueIdentifier>{58d8ba87-6a7e-4552-a5c5-b0abe360b234}</UniqueIdentifier>
    </Filter>
    <Filter Include="03. Font\Manager">
      <UniqueIdentifier>{d037ffe8-dfa8-4f06-9fbd-65df30eb6074}</UniqueIdentifier>
    </Filter>
  </ItemGroup>
  <ItemGroup>
    <ClInclude Include="..\..\Header\GraphicDev.h">
      <Filter>00. GraphicDev</Filter>
    </ClInclude>
    <ClInclude Include="..\..\Header\Export_System.h">
      <Filter>99. Export</Filter>
    </ClInclude>
    <ClInclude Include="..\..\Header\Timer.h">
      <Filter>01. Timer</Filter>
    </ClInclude>
    <ClInclude Include="..\..\Header\TimerMgr.h">
      <Filter>01. Timer\Manager</Filter>
    </ClInclude>
    <ClInclude Include="..\..\Header\Frame.h">
      <Filter>02. Frame</Filter>
    </ClInclude>
    <ClInclude Include="..\..\Header\FrameMgr.h">
      <Filter>02. Frame\Manager</Filter>
    </ClInclude>
    <ClInclude Include="..\..\Header\MyFont.h">
      <Filter>03. Font</Filter>
    </ClInclude>
    <ClInclude Include="..\..\Header\InputDev.h">
      <Filter>04. DInput</Filter>
    </ClInclude>
    <ClInclude Include="..\..\Header\FontMgr.h">
      <Filter>03. Font\Manager</Filter>
    </ClInclude>
  </ItemGroup>
  <ItemGroup>
    <ClCompile Include="..\Code\GraphicDev.cpp">
      <Filter>00. GraphicDev</Filter>
    </ClCompile>
    <ClCompile Include="..\Code\Timer.cpp">
      <Filter>01. Timer</Filter>
    </ClCompile>
    <ClCompile Include="..\Code\TimerMgr.cpp">
      <Filter>01. Timer\Manager</Filter>
    </ClCompile>
    <ClCompile Include="..\Code\Frame.cpp">
      <Filter>02. Frame</Filter>
    </ClCompile>
    <ClCompile Include="..\Code\FrameMgr.cpp">
      <Filter>02. Frame\Manager</Filter>
    </ClCompile>
    <ClCompile Include="..\Code\MyFont.cpp">
      <Filter>03. Font</Filter>
    </ClCompile>
    <ClCompile Include="..\Code\FontMgr.cpp">
      <Filter>03. Font\Manager</Filter>
    </ClCompile>
    <ClCompile Include="..\Code\InputDev.cpp">
      <Filter>04. DInput</Filter>
    </ClCompile>
  </ItemGroup>
  <ItemGroup>
    <None Include="..\..\Header\Export_System.inl">
      <Filter>99. Export</Filter>
    </None>
  </ItemGroup>
</Project>