<?xml version="1.0" encoding="utf-8"?>
<Project ToolsVersion="4.0" xmlns="http://schemas.microsoft.com/developer/msbuild/2003">
  <ItemGroup>
    <Filter Include="00. MainApp">
      <UniqueIdentifier>{380f988b-e1a6-42ae-8be7-9321e4e4e749}</UniqueIdentifier>
    </Filter>
    <Filter Include="99. Default">
      <UniqueIdentifier>{33f7b172-f900-4736-bf56-92f7a74c02d0}</UniqueIdentifier>
    </Filter>
    <Filter Include="99. Default\리소스 파일">
      <UniqueIdentifier>{67DA6AB6-F800-4c08-8B7A-83BB121AAD01}</UniqueIdentifier>
      <Extensions>rc;ico;cur;bmp;dlg;rc2;rct;bin;rgs;gif;jpg;jpeg;jpe;resx;tiff;tif;png;wav;mfcribbon-ms</Extensions>
    </Filter>
    <Filter Include="99. Default\소스 파일">
      <UniqueIdentifier>{4FC737F1-C7A5-4376-A066-2A32D752A2FF}</UniqueIdentifier>
      <Extensions>cpp;c;cc;cxx;def;odl;idl;hpj;bat;asm;asmx</Extensions>
    </Filter>
    <Filter Include="99. Default\헤더 파일">
      <UniqueIdentifier>{93995380-89BD-4b04-88EB-625FBE52EBFB}</UniqueIdentifier>
      <Extensions>h;hh;hpp;hxx;hm;inl;inc;xsd</Extensions>
    </Filter>
    <Filter Include="01. Scene">
      <UniqueIdentifier>{9d1df8cf-59f1-4a81-9a79-fa13a805f288}</UniqueIdentifier>
    </Filter>
    <Filter Include="02. GameObject">
      <UniqueIdentifier>{961af19f-f00e-440c-b933-c8b271e58366}</UniqueIdentifier>
    </Filter>
    <Filter Include="01. Scene\00. Logo">
      <UniqueIdentifier>{febd909b-946a-4158-8c6d-7207af00adcf}</UniqueIdentifier>
    </Filter>
    <Filter Include="01. Scene\01. Stage">
      <UniqueIdentifier>{49522255-6f4c-489b-822d-6e199d9d16f3}</UniqueIdentifier>
    </Filter>
    <Filter Include="01. Scene\99. Loading">
      <UniqueIdentifier>{b03cf7bb-55f1-4cc1-9722-111a7d7a7f68}</UniqueIdentifier>
    </Filter>
    <Filter Include="02. GameObject\00. For_Logo">
      <UniqueIdentifier>{dc4808e1-9b84-4d85-86dd-1f740dfad7c5}</UniqueIdentifier>
    </Filter>
    <Filter Include="02. GameObject\01. For_Stage">
      <UniqueIdentifier>{773d1cf4-60b3-4e69-9c11-867bf6763064}</UniqueIdentifier>
    </Filter>
    <Filter Include="02. GameObject\02. For_Public">
      <UniqueIdentifier>{2cbd8e13-e1f2-4a9b-ab8c-08a1fb2ac973}</UniqueIdentifier>
    </Filter>
    <Filter Include="02. GameObject\00. For_Logo\00. BackGround">
      <UniqueIdentifier>{fe85d775-9a54-433f-abea-dc24c143fcd5}</UniqueIdentifier>
    </Filter>
    <Filter Include="02. GameObject\01. For_Stage\01. TestPlayer">
      <UniqueIdentifier>{e0dd8da0-61ab-43d9-806b-1cd3f9f6d513}</UniqueIdentifier>
    </Filter>
    <Filter Include="02. GameObject\01. For_Stage\02. TestMonster">
      <UniqueIdentifier>{f6c67b37-eb74-47c4-9c35-896e08f53b79}</UniqueIdentifier>
    </Filter>
    <Filter Include="02. GameObject\01. For_Stage\03. Terrain">
      <UniqueIdentifier>{0f40788c-ffbe-487b-8935-dedae300d190}</UniqueIdentifier>
    </Filter>
    <Filter Include="02. GameObject\02. For_Public\00. DynamicCamera">
      <UniqueIdentifier>{80f94756-ac89-4e3f-9938-8bfaabc16b2a}</UniqueIdentifier>
    </Filter>
    <Filter Include="02. GameObject\02. For_Public\01. StaticCamera">
      <UniqueIdentifier>{f60c075d-c194-49fb-8b5b-e429d4cf8ca5}</UniqueIdentifier>
    </Filter>
    <Filter Include="02. GameObject\01. For_Stage\04. SkyBox">
      <UniqueIdentifier>{633323ce-7dba-4a61-9a7b-1c36e0892112}</UniqueIdentifier>
    </Filter>
    <Filter Include="02. GameObject\01. For_Stage\01. Player">
      <UniqueIdentifier>{45b0ed5a-5908-425c-874e-c2ea2796e353}</UniqueIdentifier>
    </Filter>
    <Filter Include="02. GameObject\01. For_Stage\05. Item">
      <UniqueIdentifier>{1fc1a280-0d70-4799-994b-67e161f38ba2}</UniqueIdentifier>
    </Filter>
    <Filter Include="02. GameObject\01. For_Stage\05. Item\00. Weapon">
      <UniqueIdentifier>{0758094e-2a7f-405e-857d-e7e4631f4487}</UniqueIdentifier>
    </Filter>
    <Filter Include="98. imgui">
      <UniqueIdentifier>{c27bbcd0-5cc7-4724-9b4a-4e21cd59125f}</UniqueIdentifier>
    </Filter>
    <Filter Include="98. imgui\Header">
      <UniqueIdentifier>{7a84865e-a6da-4104-83ab-2d3b784614b0}</UniqueIdentifier>
    </Filter>
    <Filter Include="98. imgui\Source">
      <UniqueIdentifier>{acd3079c-9000-4bcb-ab9a-a42ddbd7aa44}</UniqueIdentifier>
    </Filter>
    <Filter Include="02. GameObject\01. For_Stage\07. Monster">
      <UniqueIdentifier>{850ac9c5-0bb0-498c-bc68-cf438f3b9252}</UniqueIdentifier>
    </Filter>
    <Filter Include="02. GameObject\01. For_Stage\07. Monster\01. PickSlime">
      <UniqueIdentifier>{b7921e32-07c2-490a-bdc4-55c24b680541}</UniqueIdentifier>
    </Filter>
    <Filter Include="02. GameObject\01. For_Stage\07. Monster\00. GreenSlime">
      <UniqueIdentifier>{752fce35-ee29-4bdf-95a8-430737721987}</UniqueIdentifier>
    </Filter>
    <Filter Include="02. GameObject\01. For_Stage\99. UI">
      <UniqueIdentifier>{b104b44e-0afd-43b5-807a-bacee4fd5c81}</UniqueIdentifier>
    </Filter>
    <Filter Include="02. GameObject\01. For_Stage\99. UI\00. HealthBar">
      <UniqueIdentifier>{ca5ab04f-eda0-4ce0-8f2e-9900f57cf4d9}</UniqueIdentifier>
    </Filter>
    <Filter Include="02. GameObject\01. For_Stage\07. Monster\02. Fist">
      <UniqueIdentifier>{769c27f3-192d-41ac-bb9e-fa8c0e170c6e}</UniqueIdentifier>
    </Filter>
    <Filter Include="02. GameObject\00. For_Logo\01. FontLogo">
      <UniqueIdentifier>{972fb896-0ebc-45b7-a77c-41fc8a99e171}</UniqueIdentifier>
    </Filter>
    <Filter Include="02. GameObject\00. For_Logo\02. FontStart">
      <UniqueIdentifier>{a127604e-0868-4d5f-89a4-8f23d2c279f8}</UniqueIdentifier>
    </Filter>
    <Filter Include="02. GameObject\01. For_Stage\06. Bullet">
      <UniqueIdentifier>{ea9ed3fd-0ea7-4f6f-b038-19f1518c60b9}</UniqueIdentifier>
    </Filter>
    <Filter Include="02. GameObject\01. For_Stage\06. Bullet\00. Player">
      <UniqueIdentifier>{3ac2052b-3bea-4bbd-8f3c-a972113c8a5f}</UniqueIdentifier>
    </Filter>
    <Filter Include="02. GameObject\01. For_Stage\06. Bullet\01. Monster">
      <UniqueIdentifier>{572fe613-d4c0-4913-8fe4-a4fc7038343c}</UniqueIdentifier>
    </Filter>
    <Filter Include="02. GameObject\01. For_Stage\06. Bullet\01. Monster\00. FistBullet">
      <UniqueIdentifier>{82c28c09-5e72-4bb9-a539-68f896cb0252}</UniqueIdentifier>
    </Filter>
    <Filter Include="02. GameObject\01. For_Stage\06. Bullet\Manager">
      <UniqueIdentifier>{a9d7b93c-b89b-40ae-8908-8808effdca45}</UniqueIdentifier>
    </Filter>
    <Filter Include="02. GameObject\01. For_Stage\07. Monster\03. BlueBat">
      <UniqueIdentifier>{36bbeee7-4b4f-4959-92db-ac8b147555ac}</UniqueIdentifier>
    </Filter>
    <Filter Include="02. GameObject\01. For_Stage\99. UI\01. QuickSlot">
      <UniqueIdentifier>{c472677d-a1f8-45b9-9d30-d170c6fcbad7}</UniqueIdentifier>
    </Filter>
    <Filter Include="97. Header">
      <UniqueIdentifier>{5d9cf808-d2e8-46cc-9da9-8f7a46f798c7}</UniqueIdentifier>
    </Filter>
    <Filter Include="02. GameObject\01. For_Stage\99. UI\03. EquipWindow">
      <UniqueIdentifier>{4481093c-1157-4d3e-8edd-b97a217afd7a}</UniqueIdentifier>
    </Filter>
    <Filter Include="02. GameObject\01. For_Stage\99. UI\02. Inventory">
      <UniqueIdentifier>{3e055b54-e9f0-48d4-b875-6a3dddc8c3e3}</UniqueIdentifier>
    </Filter>
    <Filter Include="02. GameObject\01. For_Stage\99. UI\00. HealthBar\00. HPGauge">
      <UniqueIdentifier>{f37d7669-1242-49ff-b8d2-7cb06fb91c20}</UniqueIdentifier>
    </Filter>
  </ItemGroup>
  <ItemGroup>
    <ClInclude Include="stdafx.h">
      <Filter>99. Default\헤더 파일</Filter>
    </ClInclude>
    <ClInclude Include="targetver.h">
      <Filter>99. Default\헤더 파일</Filter>
    </ClInclude>
    <ClInclude Include="Resource.h">
      <Filter>99. Default\헤더 파일</Filter>
    </ClInclude>
    <ClInclude Include="Client.h">
      <Filter>99. Default\헤더 파일</Filter>
    </ClInclude>
    <ClInclude Include="..\Header\MainApp.h">
      <Filter>00. MainApp</Filter>
    </ClInclude>
    <ClInclude Include="..\Header\BackGround.h">
      <Filter>02. GameObject\00. For_Logo\00. BackGround</Filter>
    </ClInclude>
    <ClInclude Include="..\Header\Logo.h">
      <Filter>01. Scene\00. Logo</Filter>
    </ClInclude>
    <ClInclude Include="..\Header\Stage.h">
      <Filter>01. Scene\01. Stage</Filter>
    </ClInclude>
    <ClInclude Include="..\Header\TestPlayer.h">
      <Filter>02. GameObject\01. For_Stage\01. TestPlayer</Filter>
    </ClInclude>
    <ClInclude Include="..\Header\TestMonster.h">
      <Filter>02. GameObject\01. For_Stage\02. TestMonster</Filter>
    </ClInclude>
    <ClInclude Include="..\Header\Loading.h">
      <Filter>01. Scene\99. Loading</Filter>
    </ClInclude>
    <ClInclude Include="..\Header\Terrain.h">
      <Filter>02. GameObject\01. For_Stage\03. Terrain</Filter>
    </ClInclude>
    <ClInclude Include="..\Header\DynamicCamera.h">
      <Filter>02. GameObject\02. For_Public\00. DynamicCamera</Filter>
    </ClInclude>
    <ClInclude Include="..\Header\StaticCamera.h">
      <Filter>02. GameObject\02. For_Public\01. StaticCamera</Filter>
    </ClInclude>
    <ClInclude Include="..\Header\SkyBox.h">
      <Filter>02. GameObject\01. For_Stage\04. SkyBox</Filter>
    </ClInclude>
    <ClInclude Include="..\Header\Player.h">
      <Filter>02. GameObject\01. For_Stage\01. Player</Filter>
    </ClInclude>
    <ClInclude Include="imconfig.h">
      <Filter>98. imgui\Header</Filter>
    </ClInclude>
    <ClInclude Include="imgui.h">
      <Filter>98. imgui\Header</Filter>
    </ClInclude>
    <ClInclude Include="imgui_impl_dx9.h">
      <Filter>98. imgui\Header</Filter>
    </ClInclude>
    <ClInclude Include="imgui_impl_win32.h">
      <Filter>98. imgui\Header</Filter>
    </ClInclude>
    <ClInclude Include="imgui_internal.h">
      <Filter>98. imgui\Header</Filter>
    </ClInclude>
    <ClInclude Include="imstb_rectpack.h">
      <Filter>98. imgui\Header</Filter>
    </ClInclude>
    <ClInclude Include="imstb_textedit.h">
      <Filter>98. imgui\Header</Filter>
    </ClInclude>
    <ClInclude Include="imstb_truetype.h">
      <Filter>98. imgui\Header</Filter>
    </ClInclude>
    <ClInclude Include="..\Header\Wand.h">
      <Filter>02. GameObject\01. For_Stage\05. Item\00. Weapon</Filter>
    </ClInclude>
    <ClInclude Include="..\Header\WandBullet.h">
      <Filter>02. GameObject\01. For_Stage\06. Bullet\00. Player</Filter>
    </ClInclude>
    <ClInclude Include="..\Header\GreenSlime.h">
      <Filter>02. GameObject\01. For_Stage\07. Monster\00. GreenSlime</Filter>
    </ClInclude>
    <ClInclude Include="..\Header\PinkSlime.h">
      <Filter>02. GameObject\01. For_Stage\07. Monster\01. PickSlime</Filter>
    </ClInclude>
    <ClInclude Include="..\Header\HealthBar.h">
      <Filter>02. GameObject\01. For_Stage\99. UI\00. HealthBar</Filter>
    </ClInclude>
    <ClInclude Include="..\Header\BulletMgr.h">
      <Filter>02. GameObject\01. For_Stage\06. Bullet\Manager</Filter>
    </ClInclude>
    <ClInclude Include="..\Header\Fist.h">
      <Filter>02. GameObject\01. For_Stage\07. Monster\02. Fist</Filter>
    </ClInclude>
    <ClInclude Include="..\Header\FistBullet.h">
      <Filter>02. GameObject\01. For_Stage\06. Bullet\01. Monster\00. FistBullet</Filter>
    </ClInclude>
    <ClInclude Include="..\Header\FontLogo.h">
      <Filter>02. GameObject\00. For_Logo\01. FontLogo</Filter>
    </ClInclude>
    <ClInclude Include="..\Header\FontStart.h">
      <Filter>02. GameObject\00. For_Logo\02. FontStart</Filter>
    </ClInclude>
    <ClInclude Include="..\Header\BlueBat.h">
      <Filter>02. GameObject\01. For_Stage\07. Monster\03. BlueBat</Filter>
    </ClInclude>
    <ClInclude Include="Client_Define.h">
      <Filter>97. Header</Filter>
    </ClInclude>
    <ClInclude Include="..\Header\QuickSlot.h">
      <Filter>02. GameObject\01. For_Stage\99. UI\01. QuickSlot</Filter>
    </ClInclude>
    <ClInclude Include="..\Header\EquipWindow.h">
      <Filter>02. GameObject\01. For_Stage\99. UI\03. EquipWindow</Filter>
    </ClInclude>
    <ClInclude Include="..\Header\Inventory.h">
      <Filter>02. GameObject\01. For_Stage\99. UI\02. Inventory</Filter>
    </ClInclude>
    <ClInclude Include="..\Header\HPGauge.h">
      <Filter>02. GameObject\01. For_Stage\99. UI\00. HealthBar\00. HPGauge</Filter>
    </ClInclude>
  </ItemGroup>
  <ItemGroup>
    <ClCompile Include="stdafx.cpp">
      <Filter>99. Default\소스 파일</Filter>
    </ClCompile>
    <ClCompile Include="Client.cpp">
      <Filter>99. Default\소스 파일</Filter>
    </ClCompile>
    <ClCompile Include="..\Code\MainApp.cpp">
      <Filter>00. MainApp</Filter>
    </ClCompile>
    <ClCompile Include="..\Code\BackGround.cpp">
      <Filter>02. GameObject\00. For_Logo\00. BackGround</Filter>
    </ClCompile>
    <ClCompile Include="..\Code\Logo.cpp">
      <Filter>01. Scene\00. Logo</Filter>
    </ClCompile>
    <ClCompile Include="..\Code\Stage.cpp">
      <Filter>01. Scene\01. Stage</Filter>
    </ClCompile>
    <ClCompile Include="..\Code\TestPlayer.cpp">
      <Filter>02. GameObject\01. For_Stage\01. TestPlayer</Filter>
    </ClCompile>
    <ClCompile Include="..\Code\TestMonster.cpp">
      <Filter>02. GameObject\01. For_Stage\02. TestMonster</Filter>
    </ClCompile>
    <ClCompile Include="..\Code\Loading.cpp">
      <Filter>01. Scene\99. Loading</Filter>
    </ClCompile>
    <ClCompile Include="..\Code\Terrain.cpp">
      <Filter>02. GameObject\01. For_Stage\03. Terrain</Filter>
    </ClCompile>
    <ClCompile Include="..\Code\DynamicCamera.cpp">
      <Filter>02. GameObject\02. For_Public\00. DynamicCamera</Filter>
    </ClCompile>
    <ClCompile Include="..\Code\StaticCamera.cpp">
      <Filter>02. GameObject\02. For_Public\01. StaticCamera</Filter>
    </ClCompile>
    <ClCompile Include="..\Code\SkyBox.cpp">
      <Filter>02. GameObject\01. For_Stage\04. SkyBox</Filter>
    </ClCompile>
    <ClCompile Include="..\Code\Player.cpp">
      <Filter>02. GameObject\01. For_Stage\01. Player</Filter>
    </ClCompile>
    <ClCompile Include="imgui.cpp">
      <Filter>98. imgui\Source</Filter>
    </ClCompile>
    <ClCompile Include="imgui_demo.cpp">
      <Filter>98. imgui\Source</Filter>
    </ClCompile>
    <ClCompile Include="imgui_draw.cpp">
      <Filter>98. imgui\Source</Filter>
    </ClCompile>
    <ClCompile Include="imgui_impl_dx9.cpp">
      <Filter>98. imgui\Source</Filter>
    </ClCompile>
    <ClCompile Include="imgui_impl_win32.cpp">
      <Filter>98. imgui\Source</Filter>
    </ClCompile>
    <ClCompile Include="imgui_tables.cpp">
      <Filter>98. imgui\Source</Filter>
    </ClCompile>
    <ClCompile Include="imgui_widgets.cpp">
      <Filter>98. imgui\Source</Filter>
    </ClCompile>
    <ClCompile Include="..\Code\Wand.cpp">
      <Filter>02. GameObject\01. For_Stage\05. Item\00. Weapon</Filter>
    </ClCompile>
    <ClCompile Include="..\Code\WandBullet.cpp">
      <Filter>02. GameObject\01. For_Stage\06. Bullet\00. Player</Filter>
    </ClCompile>
    <ClCompile Include="..\Code\GreenSlime.cpp">
      <Filter>02. GameObject\01. For_Stage\07. Monster\00. GreenSlime</Filter>
    </ClCompile>
    <ClCompile Include="..\Code\PinkSlime.cpp">
      <Filter>02. GameObject\01. For_Stage\07. Monster\01. PickSlime</Filter>
    </ClCompile>
    <ClCompile Include="..\Code\HealthBar.cpp">
      <Filter>02. GameObject\01. For_Stage\99. UI\00. HealthBar</Filter>
    </ClCompile>
    <ClCompile Include="..\Code\BulletMgr.cpp">
      <Filter>02. GameObject\01. For_Stage\06. Bullet\Manager</Filter>
    </ClCompile>
    <ClCompile Include="..\Code\Fist.cpp">
      <Filter>02. GameObject\01. For_Stage\07. Monster\02. Fist</Filter>
    </ClCompile>
    <ClCompile Include="..\Code\FistBullet.cpp">
      <Filter>02. GameObject\01. For_Stage\06. Bullet\01. Monster\00. FistBullet</Filter>
    </ClCompile>
    <ClCompile Include="..\Code\FontLogo.cpp">
      <Filter>02. GameObject\00. For_Logo\01. FontLogo</Filter>
    </ClCompile>
    <ClCompile Include="..\Code\FontStart.cpp">
      <Filter>02. GameObject\00. For_Logo\02. FontStart</Filter>
    </ClCompile>
    <ClCompile Include="..\Code\BlueBat.cpp">
      <Filter>02. GameObject\01. For_Stage\07. Monster\03. BlueBat</Filter>
    </ClCompile>
    <ClCompile Include="..\Code\QuickSlot.cpp">
      <Filter>02. GameObject\01. For_Stage\99. UI\01. QuickSlot</Filter>
    </ClCompile>
    <ClCompile Include="..\Code\EquipWindow.cpp">
      <Filter>02. GameObject\01. For_Stage\99. UI\03. EquipWindow</Filter>
    </ClCompile>
    <ClCompile Include="..\Code\Inventory.cpp">
      <Filter>02. GameObject\01. For_Stage\99. UI\02. Inventory</Filter>
    </ClCompile>
    <ClCompile Include="..\Code\HPGauge.cpp">
      <Filter>02. GameObject\01. For_Stage\99. UI\00. HealthBar\00. HPGauge</Filter>
    </ClCompile>
  </ItemGroup>
  <ItemGroup>
    <ResourceCompile Include="Client.rc">
      <Filter>99. Default\리소스 파일</Filter>
    </ResourceCompile>
  </ItemGroup>
  <ItemGroup>
    <Image Include="small.ico">
      <Filter>99. Default\리소스 파일</Filter>
    </Image>
    <Image Include="Client.ico">
      <Filter>99. Default\리소스 파일</Filter>
    </Image>
  </ItemGroup>
  <ItemGroup>
    <Text Include="ReadMe.txt">
      <Filter>99. Default</Filter>
    </Text>
  </ItemGroup>
</Project>