<?xml version="1.0" encoding="utf-8"?>
<Project ToolsVersion="4.0" xmlns="http://schemas.microsoft.com/developer/msbuild/2003">
  <ItemGroup>
    <Filter Include="99.Defines">
      <UniqueIdentifier>{28bcf1ca-5f1c-4e07-a540-09ad25771349}</UniqueIdentifier>
    </Filter>
    <Filter Include="98.Default">
      <UniqueIdentifier>{0ab56a2a-3fff-43ca-9fb6-c65344be4997}</UniqueIdentifier>
    </Filter>
    <Filter Include="00.MainApp">
      <UniqueIdentifier>{612d8d26-b016-4e58-8379-cd50509c1691}</UniqueIdentifier>
    </Filter>
    <Filter Include="02.GameObjects">
      <UniqueIdentifier>{e41e8875-419b-4b63-9229-2273345ad05a}</UniqueIdentifier>
    </Filter>
    <Filter Include="02.GameObjects\BackGround">
      <UniqueIdentifier>{4802a01c-abcc-4482-81b4-37cfe572eb1d}</UniqueIdentifier>
    </Filter>
    <Filter Include="97.ShaderFiles">
      <UniqueIdentifier>{9a0f34b9-2838-4e5d-87a4-eb8bf6420099}</UniqueIdentifier>
    </Filter>
    <Filter Include="02.GameObjects\Terrain">
      <UniqueIdentifier>{f3c0df30-d83d-4caf-8604-41033dbb6dda}</UniqueIdentifier>
    </Filter>
    <Filter Include="02.GameObjects\Camera">
      <UniqueIdentifier>{b9ad9fc5-4efa-4624-ba10-b57dc2aed216}</UniqueIdentifier>
    </Filter>
    <Filter Include="02.GameObjects\Player">
      <UniqueIdentifier>{03360bd9-4e60-4a15-98fc-704c021cf003}</UniqueIdentifier>
    </Filter>
    <Filter Include="01.Levels">
      <UniqueIdentifier>{b4f73262-606c-417f-8f5a-dbe51f83d2d2}</UniqueIdentifier>
    </Filter>
    <Filter Include="01.Levels\00.Loading">
      <UniqueIdentifier>{85ea47b1-9b2d-4a32-8f1a-1a8be50ae20a}</UniqueIdentifier>
    </Filter>
    <Filter Include="01.Levels\00.Loading\Loader">
      <UniqueIdentifier>{971af4d9-cc6e-45cd-8547-bdea84e24691}</UniqueIdentifier>
    </Filter>
    <Filter Include="01.Levels\01.Logo">
      <UniqueIdentifier>{26344aaf-cba4-47a2-b6b2-b717d86a6fbb}</UniqueIdentifier>
    </Filter>
    <Filter Include="01.Levels\02.GamePlay">
      <UniqueIdentifier>{22df0cdb-5b80-4341-b095-9cf9d96f954c}</UniqueIdentifier>
    </Filter>
    <Filter Include="01.Levels\99. Tool">
      <UniqueIdentifier>{8f2cc244-962e-4458-b62f-2b25a7835dd0}</UniqueIdentifier>
    </Filter>
    <Filter Include="02.GameObjects\Map">
      <UniqueIdentifier>{7c83f2f1-d10e-45a7-9d0b-8751ff0bb839}</UniqueIdentifier>
    </Filter>
    <Filter Include="02.GameObjects\Map\Garden">
      <UniqueIdentifier>{c6df6361-d7a3-419a-8fb8-b4e5a8cb1e14}</UniqueIdentifier>
    </Filter>
    <Filter Include="02.GameObjects\Monster">
      <UniqueIdentifier>{fd15bb03-f55a-4792-beaf-83947147a9b8}</UniqueIdentifier>
    </Filter>
    <Filter Include="77.Manager">
      <UniqueIdentifier>{fbd8c078-e35b-49eb-8785-af09916df527}</UniqueIdentifier>
    </Filter>
    <Filter Include="77.Manager\Data">
      <UniqueIdentifier>{4ac3433c-2755-403a-9a53-b6e2aec60f3a}</UniqueIdentifier>
    </Filter>
    <Filter Include="02.GameObjects\Item">
      <UniqueIdentifier>{13a1b3ec-172d-4603-ae9f-9cac93f48232}</UniqueIdentifier>
    </Filter>
    <Filter Include="77.Manager\Item">
      <UniqueIdentifier>{f16a8539-5b22-448a-9df1-88a15a183fa4}</UniqueIdentifier>
    </Filter>
    <Filter Include="02.GameObjects\Player\Finn">
      <UniqueIdentifier>{1667692c-e214-4161-8941-505a3084acf6}</UniqueIdentifier>
    </Filter>
    <Filter Include="02.GameObjects\Player\Jake">
      <UniqueIdentifier>{a7ce69b3-14b2-414f-92c6-c6d17d452ff5}</UniqueIdentifier>
    </Filter>
    <Filter Include="77.Manager\Obj">
      <UniqueIdentifier>{dc42a624-63c8-4d30-908b-1d92b6f43a3c}</UniqueIdentifier>
    </Filter>
    <Filter Include="02.GameObjects\Bullet">
      <UniqueIdentifier>{8a1aa0b8-be10-4e12-b348-3e01b9b21016}</UniqueIdentifier>
    </Filter>
    <Filter Include="77.Manager\Skill">
      <UniqueIdentifier>{0a55d0a0-fc0e-4c57-94f0-c7db11241467}</UniqueIdentifier>
    </Filter>
    <Filter Include="77.Manager\Utilities">
      <UniqueIdentifier>{49b40824-f224-43bb-97ba-78310e3fbe65}</UniqueIdentifier>
    </Filter>
    <Filter Include="02.GameObjects\Monster\PigWarrior">
      <UniqueIdentifier>{c75bc1ea-60f0-4e59-93cd-b6df6396624b}</UniqueIdentifier>
    </Filter>
    <Filter Include="02.GameObjects\Monster\Pigs">
      <UniqueIdentifier>{aa8d53dd-61f7-4f44-84b5-f6dbd7aef256}</UniqueIdentifier>
    </Filter>
    <Filter Include="02.GameObjects\UI">
      <UniqueIdentifier>{31c9cc2e-017f-4748-b2de-94eb53795b53}</UniqueIdentifier>
    </Filter>
    <Filter Include="02.GameObjects\UI\Informacion">
      <UniqueIdentifier>{98f28abc-5e56-4d9c-b993-bf834e0c80e2}</UniqueIdentifier>
    </Filter>
    <Filter Include="02.GameObjects\UI\Informacion\HP">
      <UniqueIdentifier>{e3e2f479-87a7-4908-9ea9-415240a359a7}</UniqueIdentifier>
    </Filter>
    <Filter Include="02.GameObjects\UI\Informacion\LEVEL">
      <UniqueIdentifier>{77d5c957-a791-433c-808f-c74c28ee3ed0}</UniqueIdentifier>
    </Filter>
    <Filter Include="02.GameObjects\Monster\Tree_Witch">
      <UniqueIdentifier>{e8504163-bb30-4f09-93a0-aa0d0819c3b9}</UniqueIdentifier>
    </Filter>
    <Filter Include="02.GameObjects\UI\3DTexture">
      <UniqueIdentifier>{352e6a8d-765b-4250-b2bb-35b391327d7f}</UniqueIdentifier>
    </Filter>
    <Filter Include="02.GameObjects\Monster\Magic_Man">
      <UniqueIdentifier>{e335d783-7ccf-419c-b0a6-83860d25423f}</UniqueIdentifier>
    </Filter>
    <Filter Include="02.GameObjects\Sky">
      <UniqueIdentifier>{8655c6ab-9198-4bdc-aae8-93973bbffeba}</UniqueIdentifier>
    </Filter>
    <Filter Include="02.GameObjects\PlayerSkill">
      <UniqueIdentifier>{2b45075f-075f-4884-a753-ab10792ce700}</UniqueIdentifier>
    </Filter>
    <Filter Include="02.GameObjects\PlayerSkill\Stun">
      <UniqueIdentifier>{01f6bf09-8866-472b-8acd-4a4cb5d314c3}</UniqueIdentifier>
    </Filter>
    <Filter Include="02.GameObjects\PlayerSkill\Magic">
      <UniqueIdentifier>{6f7a346b-b41f-4fce-8af0-c2a772e94af3}</UniqueIdentifier>
    </Filter>
    <Filter Include="02.GameObjects\UI\Talk">
      <UniqueIdentifier>{7d04eab4-a120-4cbf-81ab-41d00d142fbd}</UniqueIdentifier>
    </Filter>
    <Filter Include="02.GameObjects\NPC">
      <UniqueIdentifier>{d03630e5-bedb-4a71-ba9b-324f4de70d57}</UniqueIdentifier>
    </Filter>
    <Filter Include="02.GameObjects\NPC\Bubblegum">
      <UniqueIdentifier>{ab0fabf6-d608-484e-8be0-60b3a93a57f4}</UniqueIdentifier>
    </Filter>
    <Filter Include="02.GameObjects\Effect">
      <UniqueIdentifier>{ca7c3622-8d51-4808-822e-ea7a15e6d0c6}</UniqueIdentifier>
    </Filter>
    <Filter Include="02.GameObjects\Object">
      <UniqueIdentifier>{bc717a54-beef-4b1e-a30a-dc48f5fed3f5}</UniqueIdentifier>
    </Filter>
    <Filter Include="02.GameObjects\Object\TextureObject">
      <UniqueIdentifier>{506b263f-6acf-498f-9336-e29589148843}</UniqueIdentifier>
    </Filter>
    <Filter Include="02.GameObjects\Monster\Mimic">
      <UniqueIdentifier>{e4f94acd-b364-4846-989f-bc34c89a7158}</UniqueIdentifier>
    </Filter>
    <Filter Include="02.GameObjects\Monster\Gonmes">
      <UniqueIdentifier>{739d5a27-9686-45a1-bf45-67009983ed65}</UniqueIdentifier>
    </Filter>
  </ItemGroup>
  <ItemGroup>
    <Text Include="ReadMe.txt" />
    <Text Include="..\..\Data\memo.txt">
      <Filter>00.MainApp</Filter>
    </Text>
  </ItemGroup>
  <ItemGroup>
    <ClInclude Include="Client.h">
      <Filter>98.Default</Filter>
    </ClInclude>
    <ClInclude Include="Resource.h">
      <Filter>98.Default</Filter>
    </ClInclude>
    <ClInclude Include="stdafx.h">
      <Filter>98.Default</Filter>
    </ClInclude>
    <ClInclude Include="targetver.h">
      <Filter>98.Default</Filter>
    </ClInclude>
    <ClInclude Include="..\public\MainApp.h">
      <Filter>00.MainApp</Filter>
    </ClInclude>
    <ClInclude Include="..\public\Client_Defines.h">
      <Filter>99.Defines</Filter>
    </ClInclude>
    <ClInclude Include="..\public\Level_Logo.h">
      <Filter>01.Levels\01.Logo</Filter>
    </ClInclude>
    <ClInclude Include="..\public\Level_Loading.h">
      <Filter>01.Levels\00.Loading</Filter>
    </ClInclude>
    <ClInclude Include="..\public\Level_GamePlay.h">
      <Filter>01.Levels\02.GamePlay</Filter>
    </ClInclude>
    <ClInclude Include="..\public\Loader.h">
      <Filter>01.Levels\00.Loading\Loader</Filter>
    </ClInclude>
    <ClInclude Include="..\public\BackGround.h">
      <Filter>02.GameObjects\BackGround</Filter>
    </ClInclude>
    <ClInclude Include="..\public\Terrain.h">
      <Filter>02.GameObjects\Terrain</Filter>
    </ClInclude>
    <ClInclude Include="..\public\Camera_Dynamic.h">
      <Filter>02.GameObjects\Camera</Filter>
    </ClInclude>
    <ClInclude Include="..\public\Level_Tool.h">
      <Filter>01.Levels\99. Tool</Filter>
    </ClInclude>
    <ClInclude Include="..\public\Player.h">
      <Filter>02.GameObjects\Player</Filter>
    </ClInclude>
    <ClInclude Include="..\public\Map_Garden.h">
      <Filter>02.GameObjects\Map\Garden</Filter>
    </ClInclude>
    <ClInclude Include="..\Public\DataManager.h">
      <Filter>77.Manager\Data</Filter>
    </ClInclude>
    <ClInclude Include="..\Public\ItemManager.h">
      <Filter>77.Manager\Item</Filter>
    </ClInclude>
    <ClInclude Include="..\public\Finn.h">
      <Filter>02.GameObjects\Player\Finn</Filter>
    </ClInclude>
    <ClInclude Include="..\public\Jake.h">
      <Filter>02.GameObjects\Player\Jake</Filter>
    </ClInclude>
    <ClInclude Include="..\public\Obj_Manager.h">
      <Filter>77.Manager\Obj</Filter>
    </ClInclude>
    <ClInclude Include="..\public\M_Monster.h">
      <Filter>02.GameObjects\Monster</Filter>
    </ClInclude>
    <ClInclude Include="..\public\S_StunChick.h">
      <Filter>02.GameObjects\PlayerSkill\Stun</Filter>
    </ClInclude>
    <ClInclude Include="..\public\Skill_Manager.h">
      <Filter>77.Manager\Skill</Filter>
    </ClInclude>
    <ClInclude Include="..\public\Utilities_Manager.h">
      <Filter>77.Manager\Utilities</Filter>
    </ClInclude>
    <ClInclude Include="..\public\M_PigWarrior.h">
      <Filter>02.GameObjects\Monster\PigWarrior</Filter>
    </ClInclude>
    <ClInclude Include="..\public\M_Pigs.h">
      <Filter>02.GameObjects\Monster\Pigs</Filter>
    </ClInclude>
    <ClInclude Include="..\public\UI_Informacion.h">
      <Filter>02.GameObjects\UI\Informacion</Filter>
    </ClInclude>
    <ClInclude Include="..\public\UI_HPGauge.h">
      <Filter>02.GameObjects\UI\Informacion\HP</Filter>
    </ClInclude>
    <ClInclude Include="..\public\UI_.h">
      <Filter>02.GameObjects\UI</Filter>
    </ClInclude>
    <ClInclude Include="..\public\M_Tree_Witch.h">
      <Filter>02.GameObjects\Monster\Tree_Witch</Filter>
    </ClInclude>
    <ClInclude Include="..\public\UI_3DTexture.h">
      <Filter>02.GameObjects\UI\3DTexture</Filter>
    </ClInclude>
    <ClInclude Include="..\public\W_PigWarrior.h">
      <Filter>02.GameObjects\Monster\PigWarrior</Filter>
    </ClInclude>
    <ClInclude Include="..\public\M_Gronmes.h">
      <Filter>02.GameObjects\Monster\Gonmes</Filter>
    </ClInclude>
    <ClInclude Include="..\public\B_2DBullet.h">
      <Filter>02.GameObjects\Bullet</Filter>
    </ClInclude>
    <ClInclude Include="..\public\Finn_Weapon.h">
      <Filter>02.GameObjects\Player\Finn</Filter>
    </ClInclude>
    <ClInclude Include="..\public\Jake_Weapon.h">
      <Filter>02.GameObjects\Player\Jake</Filter>
    </ClInclude>
    <ClInclude Include="..\public\N_NPC.h">
      <Filter>02.GameObjects\NPC</Filter>
    </ClInclude>
    <ClInclude Include="..\public\B_3DBullet.h">
      <Filter>02.GameObjects\Bullet</Filter>
    </ClInclude>
    <ClInclude Include="..\public\M_Magic_Man.h">
      <Filter>02.GameObjects\Monster\Magic_Man</Filter>
    </ClInclude>
    <ClInclude Include="..\Bin\ShaderFiles\Shader_Client_Defines.h">
      <Filter>97.ShaderFiles</Filter>
    </ClInclude>
    <ClInclude Include="..\public\Sky.h">
      <Filter>02.GameObjects\Sky</Filter>
    </ClInclude>
    <ClInclude Include="..\public\Effect_Rect_Instancing.h">
      <Filter>02.GameObjects\Effect</Filter>
    </ClInclude>
    <ClInclude Include="..\public\S_Change_Magic.h">
      <Filter>02.GameObjects\PlayerSkill\Magic</Filter>
    </ClInclude>
    <ClInclude Include="..\public\Effect_Point_Instancing.h">
      <Filter>02.GameObjects\Effect</Filter>
    </ClInclude>
    <ClInclude Include="..\public\N_Bubblegum.h">
      <Filter>02.GameObjects\NPC\Bubblegum</Filter>
    </ClInclude>
    <ClInclude Include="..\public\UI_Talk.h">
      <Filter>02.GameObjects\UI\Talk</Filter>
    </ClInclude>
    <ClInclude Include="..\public\B_AnimBullet.h">
      <Filter>02.GameObjects\Bullet</Filter>
    </ClInclude>
    <ClInclude Include="..\public\O_Box.h">
      <Filter>02.GameObjects\Object</Filter>
    </ClInclude>
    <ClInclude Include="..\public\O_TextureObject.h">
      <Filter>02.GameObjects\Object\TextureObject</Filter>
    </ClInclude>
    <ClInclude Include="..\public\M_Mimic.h">
      <Filter>02.GameObjects\Monster\Mimic</Filter>
    </ClInclude>
    <ClInclude Include="..\public\Key.h">
      <Filter>02.GameObjects\Item</Filter>
    </ClInclude>
    <ClInclude Include="..\public\Coin.h">
      <Filter>02.GameObjects\Item</Filter>
    </ClInclude>
    <ClInclude Include="..\public\Food.h">
      <Filter>02.GameObjects\Item</Filter>
    </ClInclude>
    <ClInclude Include="..\public\Page.h">
      <Filter>02.GameObjects\Item</Filter>
    </ClInclude>
    <ClInclude Include="..\public\Heart.h">
      <Filter>02.GameObjects\Item</Filter>
    </ClInclude>
  </ItemGroup>
  <ItemGroup>
    <ClCompile Include="Client.cpp">
      <Filter>98.Default</Filter>
    </ClCompile>
    <ClCompile Include="stdafx.cpp">
      <Filter>98.Default</Filter>
    </ClCompile>
    <ClCompile Include="..\private\MainApp.cpp">
      <Filter>00.MainApp</Filter>
    </ClCompile>
    <ClCompile Include="..\private\Level_Logo.cpp">
      <Filter>01.Levels\01.Logo</Filter>
    </ClCompile>
    <ClCompile Include="..\private\Level_Loading.cpp">
      <Filter>01.Levels\00.Loading</Filter>
    </ClCompile>
    <ClCompile Include="..\private\Level_GamePlay.cpp">
      <Filter>01.Levels\02.GamePlay</Filter>
    </ClCompile>
    <ClCompile Include="..\private\Loader.cpp">
      <Filter>01.Levels\00.Loading\Loader</Filter>
    </ClCompile>
    <ClCompile Include="..\private\BackGround.cpp">
      <Filter>02.GameObjects\BackGround</Filter>
    </ClCompile>
    <ClCompile Include="..\private\Terrain.cpp">
      <Filter>02.GameObjects\Terrain</Filter>
    </ClCompile>
    <ClCompile Include="..\private\Camera_Dynamic.cpp">
      <Filter>02.GameObjects\Camera</Filter>
    </ClCompile>
    <ClCompile Include="..\private\Level_Tool.cpp">
      <Filter>01.Levels\99. Tool</Filter>
    </ClCompile>
    <ClCompile Include="..\private\Player.cpp">
      <Filter>02.GameObjects\Player</Filter>
    </ClCompile>
    <ClCompile Include="..\private\Map_Garden.cpp">
      <Filter>02.GameObjects\Map\Garden</Filter>
    </ClCompile>
    <ClCompile Include="..\Private\DataManager.cpp">
      <Filter>77.Manager\Data</Filter>
    </ClCompile>
    <ClCompile Include="..\Private\ItemManager.cpp">
      <Filter>77.Manager\Item</Filter>
    </ClCompile>
    <ClCompile Include="..\private\Finn.cpp">
      <Filter>02.GameObjects\Player\Finn</Filter>
    </ClCompile>
    <ClCompile Include="..\private\Jake.cpp">
      <Filter>02.GameObjects\Player\Jake</Filter>
    </ClCompile>
    <ClCompile Include="..\private\Obj_Manager.cpp">
      <Filter>77.Manager\Obj</Filter>
    </ClCompile>
    <ClCompile Include="..\private\M_Monster.cpp">
      <Filter>02.GameObjects\Monster</Filter>
    </ClCompile>
    <ClCompile Include="..\private\S_StunChick.cpp">
      <Filter>02.GameObjects\PlayerSkill\Stun</Filter>
    </ClCompile>
    <ClCompile Include="..\private\Skill_Manager.cpp">
      <Filter>77.Manager\Skill</Filter>
    </ClCompile>
    <ClCompile Include="..\private\Utilities_Manager.cpp">
      <Filter>77.Manager\Utilities</Filter>
    </ClCompile>
    <ClCompile Include="..\private\M_PigWarrior.cpp">
      <Filter>02.GameObjects\Monster\PigWarrior</Filter>
    </ClCompile>
    <ClCompile Include="..\private\M_Pigs.cpp">
      <Filter>02.GameObjects\Monster\Pigs</Filter>
    </ClCompile>
    <ClCompile Include="..\private\UI_Informacion.cpp">
      <Filter>02.GameObjects\UI\Informacion</Filter>
    </ClCompile>
    <ClCompile Include="..\private\UI_HPGauge.cpp">
      <Filter>02.GameObjects\UI\Informacion\HP</Filter>
    </ClCompile>
    <ClCompile Include="..\private\UI_.cpp">
      <Filter>02.GameObjects\UI</Filter>
    </ClCompile>
    <ClCompile Include="..\private\UI_3DTexture.cpp">
      <Filter>02.GameObjects\UI\3DTexture</Filter>
    </ClCompile>
    <ClCompile Include="..\private\W_PigWarrior.cpp">
      <Filter>02.GameObjects\Monster\PigWarrior</Filter>
    </ClCompile>
    <ClCompile Include="..\private\M_Gronmes.cpp">
      <Filter>02.GameObjects\Monster\Gonmes</Filter>
    </ClCompile>
    <ClCompile Include="..\private\B_2DBullet.cpp">
      <Filter>02.GameObjects\Bullet</Filter>
    </ClCompile>
    <ClCompile Include="..\private\Finn_Weapon.cpp">
      <Filter>02.GameObjects\Player\Finn</Filter>
    </ClCompile>
    <ClCompile Include="..\private\Jake_Weapon.cpp">
      <Filter>02.GameObjects\Player\Jake</Filter>
    </ClCompile>
    <ClCompile Include="..\private\N_NPC.cpp">
      <Filter>02.GameObjects\NPC</Filter>
    </ClCompile>
    <ClCompile Include="..\private\B_3DBullet.cpp">
      <Filter>02.GameObjects\Bullet</Filter>
    </ClCompile>
    <ClCompile Include="..\private\M_Magic_Man.cpp">
      <Filter>02.GameObjects\Monster\Magic_Man</Filter>
    </ClCompile>
    <ClCompile Include="..\private\Sky.cpp">
      <Filter>02.GameObjects\Sky</Filter>
    </ClCompile>
    <ClCompile Include="..\private\Effect_Rect_Instancing.cpp">
      <Filter>02.GameObjects\Effect</Filter>
    </ClCompile>
    <ClCompile Include="..\private\S_Change_Magic.cpp">
      <Filter>02.GameObjects\PlayerSkill\Magic</Filter>
    </ClCompile>
    <ClCompile Include="..\private\Effect_Point_Instancing.cpp">
      <Filter>02.GameObjects\Effect</Filter>
    </ClCompile>
    <ClCompile Include="..\private\N_Bubblegum.cpp">
      <Filter>02.GameObjects\NPC\Bubblegum</Filter>
    </ClCompile>
    <ClCompile Include="..\private\UI_Talk.cpp">
      <Filter>02.GameObjects\UI\Talk</Filter>
    </ClCompile>
    <ClCompile Include="..\private\B_AnimBullet.cpp">
      <Filter>02.GameObjects\Bullet</Filter>
    </ClCompile>
    <ClCompile Include="..\private\M_Tree_Witch.cpp">
      <Filter>02.GameObjects\Monster\Tree_Witch</Filter>
    </ClCompile>
    <ClCompile Include="..\private\O_Box.cpp">
      <Filter>02.GameObjects\Object</Filter>
    </ClCompile>
    <ClCompile Include="..\private\O_TextureObject.cpp">
      <Filter>02.GameObjects\Object\TextureObject</Filter>
    </ClCompile>
    <ClCompile Include="..\private\M_Mimic.cpp">
      <Filter>02.GameObjects\Monster\Mimic</Filter>
    </ClCompile>
    <ClCompile Include="..\private\Heart.cpp">
      <Filter>02.GameObjects\Item</Filter>
    </ClCompile>
    <ClCompile Include="..\private\Key.cpp">
      <Filter>02.GameObjects\Item</Filter>
    </ClCompile>
    <ClCompile Include="..\private\Coin.cpp">
      <Filter>02.GameObjects\Item</Filter>
    </ClCompile>
    <ClCompile Include="..\private\Food.cpp">
      <Filter>02.GameObjects\Item</Filter>
    </ClCompile>
    <ClCompile Include="..\private\Page.cpp">
      <Filter>02.GameObjects\Item</Filter>
    </ClCompile>
  </ItemGroup>
  <ItemGroup>
    <Image Include="Client.ico">
      <Filter>98.Default</Filter>
    </Image>
    <Image Include="small.ico">
      <Filter>98.Default</Filter>
    </Image>
  </ItemGroup>
  <ItemGroup>
    <ResourceCompile Include="Client.rc">
      <Filter>98.Default</Filter>
    </ResourceCompile>
  </ItemGroup>
  <ItemGroup>
    <FxCompile Include="..\Bin\ShaderFiles\Shader_VtxTex.hlsl">
      <Filter>97.ShaderFiles</Filter>
    </FxCompile>
    <FxCompile Include="..\Bin\ShaderFiles\Shader_VtxNorTex.hlsl">
      <Filter>97.ShaderFiles</Filter>
    </FxCompile>
    <FxCompile Include="..\Bin\ShaderFiles\Shader_VtxModel.hlsl">
      <Filter>97.ShaderFiles</Filter>
    </FxCompile>
    <FxCompile Include="..\Bin\ShaderFiles\Shader_VtxAnimModel.hlsl">
      <Filter>97.ShaderFiles</Filter>
    </FxCompile>
    <FxCompile Include="..\Bin\ShaderFiles\Shader_VtxModel_Map.hlsl">
      <Filter>97.ShaderFiles</Filter>
    </FxCompile>
    <FxCompile Include="..\Bin\ShaderFiles\Shader_VtxCubeTex.hlsl">
      <Filter>97.ShaderFiles</Filter>
    </FxCompile>
    <FxCompile Include="..\Bin\ShaderFiles\Shader_VtxRect_Instancing.hlsl">
      <Filter>97.ShaderFiles</Filter>
    </FxCompile>
    <FxCompile Include="..\Bin\ShaderFiles\Shader_VtxPoint_Instance.hlsl">
      <Filter>97.ShaderFiles</Filter>
    </FxCompile>
  </ItemGroup>
</Project>